{
  "name": "Salty",
  "lockfileVersion": 2,
  "requires": true,
  "packages": {
    "": {
      "dependencies": {
        "imagehover.css": "^2.0.0"
      }
    },
    "node_modules/imagehover.css": {
      "version": "2.0.0",
      "resolved": "https://registry.npmjs.org/imagehover.css/-/imagehover.css-2.0.0.tgz",
      "integrity": "sha512-8EtloLABqF+UUj45O+Y0fSuA7CItsxjDTjJu552IW0N2NNAfpWJWfTDP85SGIZZlus5nDzkaMRC57hUWAW72og=="
    }
  },
  "dependencies": {
    "imagehover.css": {
      "version": "2.0.0",
      "resolved": "https://registry.npmjs.org/imagehover.css/-/imagehover.css-2.0.0.tgz",
      "integrity": "sha512-8EtloLABqF+UUj45O+Y0fSuA7CItsxjDTjJu552IW0N2NNAfpWJWfTDP85SGIZZlus5nDzkaMRC57hUWAW72og=="
    }
  }
}
